
Microsoft Visual Studio Solution File, Format Version 12.00
# Visual Studio 15
VisualStudioVersion = 15.0.25807.0
MinimumVisualStudioVersion = 10.0.40219.1
Project("{2150E333-8FDC-42A3-9474-1A3956D46DE8}") = "Engine", "Engine", "{43F5F594-F1E6-41C9-A157-910AF648E6F5}"
EndProject
Project("{2150E333-8FDC-42A3-9474-1A3956D46DE8}") = "Games", "Games", "{23171F18-5AC5-43B2-B158-9473F32C0694}"
EndProject
Project("{8BC9CEB8-8B4A-11D0-8D11-00A0C91BC942}") = "UE4", "Intermediate\ProjectFiles\UE4.vcxproj", "{B3DD3E96-FCD5-420C-A61A-1B0110EFBDFD}"
EndProject
Project("{8BC9CEB8-8B4A-11D0-8D11-00A0C91BC942}") = "BuildingEscape", "Intermediate\ProjectFiles\BuildingEscape.vcxproj", "{B0A581EE-C68A-4CEA-AA33-14193A0AC923}"
EndProject
Global
	GlobalSection(SolutionConfigurationPlatforms) = preSolution
		DebugGame Editor|HTML5 = DebugGame Editor|HTML5
		DebugGame Editor|Win32 = DebugGame Editor|Win32
		DebugGame Editor|Win64 = DebugGame Editor|Win64
		DebugGame|HTML5 = DebugGame|HTML5
		DebugGame|Win32 = DebugGame|Win32
		DebugGame|Win64 = DebugGame|Win64
		Development Editor|HTML5 = Development Editor|HTML5
		Development Editor|Win32 = Development Editor|Win32
		Development Editor|Win64 = Development Editor|Win64
		Development|HTML5 = Development|HTML5
		Development|Win32 = Development|Win32
		Development|Win64 = Development|Win64
		Shipping|HTML5 = Shipping|HTML5
		Shipping|Win32 = Shipping|Win32
		Shipping|Win64 = Shipping|Win64
	EndGlobalSection
	GlobalSection(ProjectConfigurationPlatforms) = postSolution
		{B3DD3E96-FCD5-420C-A61A-1B0110EFBDFD}.DebugGame Editor|HTML5.ActiveCfg = BuiltWithUnrealBuildTool|Win32
		{B3DD3E96-FCD5-420C-A61A-1B0110EFBDFD}.DebugGame Editor|HTML5.Build.0 = BuiltWithUnrealBuildTool|Win32
		{B3DD3E96-FCD5-420C-A61A-1B0110EFBDFD}.DebugGame Editor|Win32.ActiveCfg = BuiltWithUnrealBuildTool|Win32
		{B3DD3E96-FCD5-420C-A61A-1B0110EFBDFD}.DebugGame Editor|Win32.Build.0 = BuiltWithUnrealBuildTool|Win32
		{B3DD3E96-FCD5-420C-A61A-1B0110EFBDFD}.DebugGame Editor|Win64.ActiveCfg = BuiltWithUnrealBuildTool|Win32
		{B3DD3E96-FCD5-420C-A61A-1B0110EFBDFD}.DebugGame Editor|Win64.Build.0 = BuiltWithUnrealBuildTool|Win32
		{B3DD3E96-FCD5-420C-A61A-1B0110EFBDFD}.DebugGame|HTML5.ActiveCfg = BuiltWithUnrealBuildTool|Win32
		{B3DD3E96-FCD5-420C-A61A-1B0110EFBDFD}.DebugGame|HTML5.Build.0 = BuiltWithUnrealBuildTool|Win32
		{B3DD3E96-FCD5-420C-A61A-1B0110EFBDFD}.DebugGame|Win32.ActiveCfg = BuiltWithUnrealBuildTool|Win32
		{B3DD3E96-FCD5-420C-A61A-1B0110EFBDFD}.DebugGame|Win32.Build.0 = BuiltWithUnrealBuildTool|Win32
		{B3DD3E96-FCD5-420C-A61A-1B0110EFBDFD}.DebugGame|Win64.ActiveCfg = BuiltWithUnrealBuildTool|Win32
		{B3DD3E96-FCD5-420C-A61A-1B0110EFBDFD}.DebugGame|Win64.Build.0 = BuiltWithUnrealBuildTool|Win32
		{B3DD3E96-FCD5-420C-A61A-1B0110EFBDFD}.Development Editor|HTML5.ActiveCfg = BuiltWithUnrealBuildTool|Win32
		{B3DD3E96-FCD5-420C-A61A-1B0110EFBDFD}.Development Editor|HTML5.Build.0 = BuiltWithUnrealBuildTool|Win32
		{B3DD3E96-FCD5-420C-A61A-1B0110EFBDFD}.Development Editor|Win32.ActiveCfg = BuiltWithUnrealBuildTool|Win32
		{B3DD3E96-FCD5-420C-A61A-1B0110EFBDFD}.Development Editor|Win32.Build.0 = BuiltWithUnrealBuildTool|Win32
		{B3DD3E96-FCD5-420C-A61A-1B0110EFBDFD}.Development Editor|Win64.ActiveCfg = BuiltWithUnrealBuildTool|Win32
		{B3DD3E96-FCD5-420C-A61A-1B0110EFBDFD}.Development Editor|Win64.Build.0 = BuiltWithUnrealBuildTool|Win32
		{B3DD3E96-FCD5-420C-A61A-1B0110EFBDFD}.Development|HTML5.ActiveCfg = BuiltWithUnrealBuildTool|Win32
		{B3DD3E96-FCD5-420C-A61A-1B0110EFBDFD}.Development|HTML5.Build.0 = BuiltWithUnrealBuildTool|Win32
		{B3DD3E96-FCD5-420C-A61A-1B0110EFBDFD}.Development|Win32.ActiveCfg = BuiltWithUnrealBuildTool|Win32
		{B3DD3E96-FCD5-420C-A61A-1B0110EFBDFD}.Development|Win32.Build.0 = BuiltWithUnrealBuildTool|Win32
		{B3DD3E96-FCD5-420C-A61A-1B0110EFBDFD}.Development|Win64.ActiveCfg = BuiltWithUnrealBuildTool|Win32
		{B3DD3E96-FCD5-420C-A61A-1B0110EFBDFD}.Development|Win64.Build.0 = BuiltWithUnrealBuildTool|Win32
		{B3DD3E96-FCD5-420C-A61A-1B0110EFBDFD}.Shipping|HTML5.ActiveCfg = BuiltWithUnrealBuildTool|Win32
		{B3DD3E96-FCD5-420C-A61A-1B0110EFBDFD}.Shipping|HTML5.Build.0 = BuiltWithUnrealBuildTool|Win32
		{B3DD3E96-FCD5-420C-A61A-1B0110EFBDFD}.Shipping|Win32.ActiveCfg = BuiltWithUnrealBuildTool|Win32
		{B3DD3E96-FCD5-420C-A61A-1B0110EFBDFD}.Shipping|Win32.Build.0 = BuiltWithUnrealBuildTool|Win32
		{B3DD3E96-FCD5-420C-A61A-1B0110EFBDFD}.Shipping|Win64.ActiveCfg = BuiltWithUnrealBuildTool|Win32
		{B3DD3E96-FCD5-420C-A61A-1B0110EFBDFD}.Shipping|Win64.Build.0 = BuiltWithUnrealBuildTool|Win32
		{B0A581EE-C68A-4CEA-AA33-14193A0AC923}.DebugGame Editor|HTML5.ActiveCfg = HTML5_DebugGame_Editor|Win32
		{B0A581EE-C68A-4CEA-AA33-14193A0AC923}.DebugGame Editor|Win32.ActiveCfg = DebugGame_Editor|Win32
		{B0A581EE-C68A-4CEA-AA33-14193A0AC923}.DebugGame Editor|Win64.ActiveCfg = DebugGame_Editor|x64
		{B0A581EE-C68A-4CEA-AA33-14193A0AC923}.DebugGame Editor|Win64.Build.0 = DebugGame_Editor|x64
		{B0A581EE-C68A-4CEA-AA33-14193A0AC923}.DebugGame|HTML5.ActiveCfg = HTML5_DebugGame_Game|Win32
		{B0A581EE-C68A-4CEA-AA33-14193A0AC923}.DebugGame|HTML5.Build.0 = HTML5_DebugGame_Game|Win32
		{B0A581EE-C68A-4CEA-AA33-14193A0AC923}.DebugGame|Win32.ActiveCfg = DebugGame_Game|Win32
		{B0A581EE-C68A-4CEA-AA33-14193A0AC923}.DebugGame|Win32.Build.0 = DebugGame_Game|Win32
		{B0A581EE-C68A-4CEA-AA33-14193A0AC923}.DebugGame|Win64.ActiveCfg = DebugGame_Game|x64
		{B0A581EE-C68A-4CEA-AA33-14193A0AC923}.DebugGame|Win64.Build.0 = DebugGame_Game|x64
		{B0A581EE-C68A-4CEA-AA33-14193A0AC923}.Development Editor|HTML5.ActiveCfg = HTML5_Development_Editor|Win32
		{B0A581EE-C68A-4CEA-AA33-14193A0AC923}.Development Editor|Win32.ActiveCfg = Development_Editor|Win32
		{B0A581EE-C68A-4CEA-AA33-14193A0AC923}.Development Editor|Win64.ActiveCfg = Development_Editor|x64
		{B0A581EE-C68A-4CEA-AA33-14193A0AC923}.Development Editor|Win64.Build.0 = Development_Editor|x64
		{B0A581EE-C68A-4CEA-AA33-14193A0AC923}.Development|HTML5.ActiveCfg = HTML5_Development_Game|Win32
		{B0A581EE-C68A-4CEA-AA33-14193A0AC923}.Development|HTML5.Build.0 = HTML5_Development_Game|Win32
		{B0A581EE-C68A-4CEA-AA33-14193A0AC923}.Development|Win32.ActiveCfg = Development_Game|Win32
		{B0A581EE-C68A-4CEA-AA33-14193A0AC923}.Development|Win32.Build.0 = Development_Game|Win32
		{B0A581EE-C68A-4CEA-AA33-14193A0AC923}.Development|Win64.ActiveCfg = Development_Game|x64
		{B0A581EE-C68A-4CEA-AA33-14193A0AC923}.Development|Win64.Build.0 = Development_Game|x64
		{B0A581EE-C68A-4CEA-AA33-14193A0AC923}.Shipping|HTML5.ActiveCfg = HTML5_Shipping_Game|Win32
		{B0A581EE-C68A-4CEA-AA33-14193A0AC923}.Shipping|HTML5.Build.0 = HTML5_Shipping_Game|Win32
		{B0A581EE-C68A-4CEA-AA33-14193A0AC923}.Shipping|Win32.ActiveCfg = Shipping_Game|Win32
		{B0A581EE-C68A-4CEA-AA33-14193A0AC923}.Shipping|Win32.Build.0 = Shipping_Game|Win32
		{B0A581EE-C68A-4CEA-AA33-14193A0AC923}.Shipping|Win64.ActiveCfg = Shipping_Game|x64
		{B0A581EE-C68A-4CEA-AA33-14193A0AC923}.Shipping|Win64.Build.0 = Shipping_Game|x64
	EndGlobalSection
	GlobalSection(SolutionProperties) = preSolution
		HideSolutionNode = FALSE
	EndGlobalSection
	GlobalSection(NestedProjects) = preSolution
		{B3DD3E96-FCD5-420C-A61A-1B0110EFBDFD} = {43F5F594-F1E6-41C9-A157-910AF648E6F5}
		{B0A581EE-C68A-4CEA-AA33-14193A0AC923} = {23171F18-5AC5-43B2-B158-9473F32C0694}
	EndGlobalSection
	GlobalSection(ExtensibilityGlobals) = postSolution
		SolutionGuid = {4C5C99F1-3366-427E-B5DB-C4BE59BCD18D}
	EndGlobalSection
EndGlobal
